// !$*UTF8*$!
{
	archiveVersion = 1;
	classes = {
	};
	objectVersion = 50;
	objects = {

/* Begin PBXBuildFile section */
		E716F4EE24BBCA0E00902AF5 /* NetworkAgent.swift in Sources */ = {isa = PBXBuildFile; fileRef = E716F4ED24BBCA0E00902AF5 /* NetworkAgent.swift */; };
		E716F4F024BBCA8100902AF5 /* CardData.swift in Sources */ = {isa = PBXBuildFile; fileRef = E716F4EF24BBCA8100902AF5 /* CardData.swift */; };
		E716F4F224BBCD8300902AF5 /* UserData.swift in Sources */ = {isa = PBXBuildFile; fileRef = E716F4F124BBCD8300902AF5 /* UserData.swift */; };
		E716F4F424BBD4F800902AF5 /* SignUpView.swift in Sources */ = {isa = PBXBuildFile; fileRef = E716F4F324BBD4F800902AF5 /* SignUpView.swift */; };
		E716F4F624BBD74400902AF5 /* ImagePicker.swift in Sources */ = {isa = PBXBuildFile; fileRef = E716F4F524BBD74400902AF5 /* ImagePicker.swift */; };
		E716F4F824BD18E400902AF5 /* GlowingTextField.swift in Sources */ = {isa = PBXBuildFile; fileRef = E716F4F724BD18E400902AF5 /* GlowingTextField.swift */; };
		E7C0ECBB24BAC95B00B68EDD /* AppDelegate.swift in Sources */ = {isa = PBXBuildFile; fileRef = E7C0ECBA24BAC95B00B68EDD /* AppDelegate.swift */; };
		E7C0ECBD24BAC95B00B68EDD /* SceneDelegate.swift in Sources */ = {isa = PBXBuildFile; fileRef = E7C0ECBC24BAC95B00B68EDD /* SceneDelegate.swift */; };
		E7C0ECBF24BAC95B00B68EDD /* ContentView.swift in Sources */ = {isa = PBXBuildFile; fileRef = E7C0ECBE24BAC95B00B68EDD /* ContentView.swift */; };
		E7C0ECC124BAC96000B68EDD /* Assets.xcassets in Resources */ = {isa = PBXBuildFile; fileRef = E7C0ECC024BAC96000B68EDD /* Assets.xcassets */; };
		E7C0ECC424BAC96000B68EDD /* Preview Assets.xcassets in Resources */ = {isa = PBXBuildFile; fileRef = E7C0ECC324BAC96000B68EDD /* Preview Assets.xcassets */; };
		E7C0ECC724BAC96000B68EDD /* LaunchScreen.storyboard in Resources */ = {isa = PBXBuildFile; fileRef = E7C0ECC524BAC96000B68EDD /* LaunchScreen.storyboard */; };
		E7C0ECD024BACEE500B68EDD /* SegmentedControlView.swift in Sources */ = {isa = PBXBuildFile; fileRef = E7C0ECCF24BACEE500B68EDD /* SegmentedControlView.swift */; };
		E7C0ECD324BAF5DB00B68EDD /* DetailView.swift in Sources */ = {isa = PBXBuildFile; fileRef = E7C0ECD124BAF5DA00B68EDD /* DetailView.swift */; };
		E7C0ECD424BAF5DB00B68EDD /* WebView.swift in Sources */ = {isa = PBXBuildFile; fileRef = E7C0ECD224BAF5DA00B68EDD /* WebView.swift */; };
		E7C6867324BF8DEC00B52B63 /* SignUpPage.swift in Sources */ = {isa = PBXBuildFile; fileRef = E7C6867224BF8DEC00B52B63 /* SignUpPage.swift */; };
		E7DE2B3624BE838E009D0ABE /* MainView.swift in Sources */ = {isa = PBXBuildFile; fileRef = E7DE2B3524BE838E009D0ABE /* MainView.swift */; };
		E7DE2B3A24BE8564009D0ABE /* LogInView.swift in Sources */ = {isa = PBXBuildFile; fileRef = E7DE2B3924BE8564009D0ABE /* LogInView.swift */; };
/* End PBXBuildFile section */

/* Begin PBXFileReference section */
		E716F4ED24BBCA0E00902AF5 /* NetworkAgent.swift */ = {isa = PBXFileReference; lastKnownFileType = sourcecode.swift; path = NetworkAgent.swift; sourceTree = "<group>"; };
		E716F4EF24BBCA8100902AF5 /* CardData.swift */ = {isa = PBXFileReference; lastKnownFileType = sourcecode.swift; path = CardData.swift; sourceTree = "<group>"; };
		E716F4F124BBCD8300902AF5 /* UserData.swift */ = {isa = PBXFileReference; lastKnownFileType = sourcecode.swift; path = UserData.swift; sourceTree = "<group>"; };
		E716F4F324BBD4F800902AF5 /* SignUpView.swift */ = {isa = PBXFileReference; lastKnownFileType = sourcecode.swift; path = SignUpView.swift; sourceTree = "<group>"; };
		E716F4F524BBD74400902AF5 /* ImagePicker.swift */ = {isa = PBXFileReference; lastKnownFileType = sourcecode.swift; path = ImagePicker.swift; sourceTree = "<group>"; };
		E716F4F724BD18E400902AF5 /* GlowingTextField.swift */ = {isa = PBXFileReference; lastKnownFileType = sourcecode.swift; path = GlowingTextField.swift; sourceTree = "<group>"; };
		E7C0ECB724BAC95B00B68EDD /* MeetMe.app */ = {isa = PBXFileReference; explicitFileType = wrapper.application; includeInIndex = 0; path = MeetMe.app; sourceTree = BUILT_PRODUCTS_DIR; };
		E7C0ECBA24BAC95B00B68EDD /* AppDelegate.swift */ = {isa = PBXFileReference; lastKnownFileType = sourcecode.swift; path = AppDelegate.swift; sourceTree = "<group>"; };
		E7C0ECBC24BAC95B00B68EDD /* SceneDelegate.swift */ = {isa = PBXFileReference; lastKnownFileType = sourcecode.swift; path = SceneDelegate.swift; sourceTree = "<group>"; };
		E7C0ECBE24BAC95B00B68EDD /* ContentView.swift */ = {isa = PBXFileReference; lastKnownFileType = sourcecode.swift; path = ContentView.swift; sourceTree = "<group>"; };
		E7C0ECC024BAC96000B68EDD /* Assets.xcassets */ = {isa = PBXFileReference; lastKnownFileType = folder.assetcatalog; path = Assets.xcassets; sourceTree = "<group>"; };
		E7C0ECC324BAC96000B68EDD /* Preview Assets.xcassets */ = {isa = PBXFileReference; lastKnownFileType = folder.assetcatalog; path = "Preview Assets.xcassets"; sourceTree = "<group>"; };
		E7C0ECC624BAC96000B68EDD /* Base */ = {isa = PBXFileReference; lastKnownFileType = file.storyboard; name = Base; path = Base.lproj/LaunchScreen.storyboard; sourceTree = "<group>"; };
		E7C0ECC824BAC96000B68EDD /* Info.plist */ = {isa = PBXFileReference; lastKnownFileType = text.plist.xml; path = Info.plist; sourceTree = "<group>"; };
		E7C0ECCF24BACEE500B68EDD /* SegmentedControlView.swift */ = {isa = PBXFileReference; lastKnownFileType = sourcecode.swift; path = SegmentedControlView.swift; sourceTree = "<group>"; };
		E7C0ECD124BAF5DA00B68EDD /* DetailView.swift */ = {isa = PBXFileReference; fileEncoding = 4; lastKnownFileType = sourcecode.swift; path = DetailView.swift; sourceTree = "<group>"; };
		E7C0ECD224BAF5DA00B68EDD /* WebView.swift */ = {isa = PBXFileReference; fileEncoding = 4; lastKnownFileType = sourcecode.swift; path = WebView.swift; sourceTree = "<group>"; };
		E7C6867224BF8DEC00B52B63 /* SignUpPage.swift */ = {isa = PBXFileReference; lastKnownFileType = sourcecode.swift; path = SignUpPage.swift; sourceTree = "<group>"; };
		E7DE2B3524BE838E009D0ABE /* MainView.swift */ = {isa = PBXFileReference; lastKnownFileType = sourcecode.swift; path = MainView.swift; sourceTree = "<group>"; };
		E7DE2B3924BE8564009D0ABE /* LogInView.swift */ = {isa = PBXFileReference; lastKnownFileType = sourcecode.swift; path = LogInView.swift; sourceTree = "<group>"; };
/* End PBXFileReference section */

/* Begin PBXFrameworksBuildPhase section */
		E7C0ECB424BAC95B00B68EDD /* Frameworks */ = {
			isa = PBXFrameworksBuildPhase;
			buildActionMask = 2147483647;
			files = (
			);
			runOnlyForDeploymentPostprocessing = 0;
		};
/* End PBXFrameworksBuildPhase section */

/* Begin PBXGroup section */
		E716F4EC24BBC9F500902AF5 /* Models */ = {
			isa = PBXGroup;
			children = (
				E716F4ED24BBCA0E00902AF5 /* NetworkAgent.swift */,
				E716F4EF24BBCA8100902AF5 /* CardData.swift */,
				E716F4F124BBCD8300902AF5 /* UserData.swift */,
			);
			path = Models;
			sourceTree = "<group>";
		};
		E7C0ECAE24BAC95B00B68EDD = {
			isa = PBXGroup;
			children = (
				E7C0ECB924BAC95B00B68EDD /* MeetMe */,
				E7C0ECB824BAC95B00B68EDD /* Products */,
			);
			sourceTree = "<group>";
		};
		E7C0ECB824BAC95B00B68EDD /* Products */ = {
			isa = PBXGroup;
			children = (
				E7C0ECB724BAC95B00B68EDD /* MeetMe.app */,
			);
			name = Products;
			sourceTree = "<group>";
		};
		E7C0ECB924BAC95B00B68EDD /* MeetMe */ = {
			isa = PBXGroup;
			children = (
				E716F4EC24BBC9F500902AF5 /* Models */,
				E7C0ECCE24BACEC300B68EDD /* Views */,
				E7C0ECBA24BAC95B00B68EDD /* AppDelegate.swift */,
				E7C0ECBC24BAC95B00B68EDD /* SceneDelegate.swift */,
				E7C0ECC024BAC96000B68EDD /* Assets.xcassets */,
				E7C0ECC524BAC96000B68EDD /* LaunchScreen.storyboard */,
				E7C0ECC824BAC96000B68EDD /* Info.plist */,
				E7C0ECC224BAC96000B68EDD /* Preview Content */,
			);
			path = MeetMe;
			sourceTree = "<group>";
		};
		E7C0ECC224BAC96000B68EDD /* Preview Content */ = {
			isa = PBXGroup;
			children = (
				E7C0ECC324BAC96000B68EDD /* Preview Assets.xcassets */,
			);
			path = "Preview Content";
			sourceTree = "<group>";
		};
		E7C0ECCE24BACEC300B68EDD /* Views */ = {
			isa = PBXGroup;
			children = (
				E7C0ECBE24BAC95B00B68EDD /* ContentView.swift */,
				E7C0ECD124BAF5DA00B68EDD /* DetailView.swift */,
				E7C0ECD224BAF5DA00B68EDD /* WebView.swift */,
				E7C0ECCF24BACEE500B68EDD /* SegmentedControlView.swift */,
				E716F4F324BBD4F800902AF5 /* SignUpView.swift */,
				E716F4F524BBD74400902AF5 /* ImagePicker.swift */,
				E716F4F724BD18E400902AF5 /* GlowingTextField.swift */,
				E7DE2B3524BE838E009D0ABE /* MainView.swift */,
				E7DE2B3924BE8564009D0ABE /* LogInView.swift */,
				E7C6867224BF8DEC00B52B63 /* SignUpPage.swift */,
			);
			path = Views;
			sourceTree = "<group>";
		};
/* End PBXGroup section */

/* Begin PBXNativeTarget section */
		E7C0ECB624BAC95B00B68EDD /* MeetMe */ = {
			isa = PBXNativeTarget;
			buildConfigurationList = E7C0ECCB24BAC96000B68EDD /* Build configuration list for PBXNativeTarget "MeetMe" */;
			buildPhases = (
				E7C0ECB324BAC95B00B68EDD /* Sources */,
				E7C0ECB424BAC95B00B68EDD /* Frameworks */,
				E7C0ECB524BAC95B00B68EDD /* Resources */,
			);
			buildRules = (
			);
			dependencies = (
			);
			name = MeetMe;
			productName = MeetMe;
			productReference = E7C0ECB724BAC95B00B68EDD /* MeetMe.app */;
			productType = "com.apple.product-type.application";
		};
/* End PBXNativeTarget section */

/* Begin PBXProject section */
		E7C0ECAF24BAC95B00B68EDD /* Project object */ = {
			isa = PBXProject;
			attributes = {
				LastSwiftUpdateCheck = 1150;
				LastUpgradeCheck = 1150;
				ORGANIZATIONNAME = "Viachaslau Pashaliuk";
				TargetAttributes = {
					E7C0ECB624BAC95B00B68EDD = {
						CreatedOnToolsVersion = 11.5;
					};
				};
			};
			buildConfigurationList = E7C0ECB224BAC95B00B68EDD /* Build configuration list for PBXProject "MeetMe" */;
			compatibilityVersion = "Xcode 9.3";
			developmentRegion = en;
			hasScannedForEncodings = 0;
			knownRegions = (
				en,
				Base,
			);
			mainGroup = E7C0ECAE24BAC95B00B68EDD;
			productRefGroup = E7C0ECB824BAC95B00B68EDD /* Products */;
			projectDirPath = "";
			projectRoot = "";
			targets = (
				E7C0ECB624BAC95B00B68EDD /* MeetMe */,
			);
		};
/* End PBXProject section */

/* Begin PBXResourcesBuildPhase section */
		E7C0ECB524BAC95B00B68EDD /* Resources */ = {
			isa = PBXResourcesBuildPhase;
			buildActionMask = 2147483647;
			files = (
				E7C0ECC724BAC96000B68EDD /* LaunchScreen.storyboard in Resources */,
				E7C0ECC424BAC96000B68EDD /* Preview Assets.xcassets in Resources */,
				E7C0ECC124BAC96000B68EDD /* Assets.xcassets in Resources */,
			);
			runOnlyForDeploymentPostprocessing = 0;
		};
/* End PBXResourcesBuildPhase section */

/* Begin PBXSourcesBuildPhase section */
		E7C0ECB324BAC95B00B68EDD /* Sources */ = {
			isa = PBXSourcesBuildPhase;
			buildActionMask = 2147483647;
			files = (
				E7C0ECBB24BAC95B00B68EDD /* AppDelegate.swift in Sources */,
				E7DE2B3624BE838E009D0ABE /* MainView.swift in Sources */,
				E7C0ECD024BACEE500B68EDD /* SegmentedControlView.swift in Sources */,
				E7C0ECBD24BAC95B00B68EDD /* SceneDelegate.swift in Sources */,
				E716F4F224BBCD8300902AF5 /* UserData.swift in Sources */,
				E7C0ECD424BAF5DB00B68EDD /* WebView.swift in Sources */,
				E7C6867324BF8DEC00B52B63 /* SignUpPage.swift in Sources */,
				E716F4F824BD18E400902AF5 /* GlowingTextField.swift in Sources */,
				E7C0ECD324BAF5DB00B68EDD /* DetailView.swift in Sources */,
				E7DE2B3A24BE8564009D0ABE /* LogInView.swift in Sources */,
				E716F4F424BBD4F800902AF5 /* SignUpView.swift in Sources */,
				E716F4F624BBD74400902AF5 /* ImagePicker.swift in Sources */,
				E716F4F024BBCA8100902AF5 /* CardData.swift in Sources */,
				E716F4EE24BBCA0E00902AF5 /* NetworkAgent.swift in Sources */,
				E7C0ECBF24BAC95B00B68EDD /* ContentView.swift in Sources */,
			);
			runOnlyForDeploymentPostprocessing = 0;
		};
/* End PBXSourcesBuildPhase section */

/* Begin PBXVariantGroup section */
		E7C0ECC524BAC96000B68EDD /* LaunchScreen.storyboard */ = {
			isa = PBXVariantGroup;
			children = (
				E7C0ECC624BAC96000B68EDD /* Base */,
			);
			name = LaunchScreen.storyboard;
			sourceTree = "<group>";
		};
/* End PBXVariantGroup section */

/* Begin XCBuildConfiguration section */
		E7C0ECC924BAC96000B68EDD /* Debug */ = {
			isa = XCBuildConfiguration;
			buildSettings = {
				ALWAYS_SEARCH_USER_PATHS = NO;
				CLANG_ANALYZER_NONNULL = YES;
				CLANG_ANALYZER_NUMBER_OBJECT_CONVERSION = YES_AGGRESSIVE;
				CLANG_CXX_LANGUAGE_STANDARD = "gnu++14";
				CLANG_CXX_LIBRARY = "libc++";
				CLANG_ENABLE_MODULES = YES;
				CLANG_ENABLE_OBJC_ARC = YES;
				CLANG_ENABLE_OBJC_WEAK = YES;
				CLANG_WARN_BLOCK_CAPTURE_AUTORELEASING = YES;
				CLANG_WARN_BOOL_CONVERSION = YES;
				CLANG_WARN_COMMA = YES;
				CLANG_WARN_CONSTANT_CONVERSION = YES;
				CLANG_WARN_DEPRECATED_OBJC_IMPLEMENTATIONS = YES;
				CLANG_WARN_DIRECT_OBJC_ISA_USAGE = YES_ERROR;
				CLANG_WARN_DOCUMENTATION_COMMENTS = YES;
				CLANG_WARN_EMPTY_BODY = YES;
				CLANG_WARN_ENUM_CONVERSION = YES;
				CLANG_WARN_INFINITE_RECURSION = YES;
				CLANG_WARN_INT_CONVERSION = YES;
				CLANG_WARN_NON_LITERAL_NULL_CONVERSION = YES;
				CLANG_WARN_OBJC_IMPLICIT_RETAIN_SELF = YES;
				CLANG_WARN_OBJC_LITERAL_CONVERSION = YES;
				CLANG_WARN_OBJC_ROOT_CLASS = YES_ERROR;
				CLANG_WARN_RANGE_LOOP_ANALYSIS = YES;
				CLANG_WARN_STRICT_PROTOTYPES = YES;
				CLANG_WARN_SUSPICIOUS_MOVE = YES;
				CLANG_WARN_UNGUARDED_AVAILABILITY = YES_AGGRESSIVE;
				CLANG_WARN_UNREACHABLE_CODE = YES;
				CLANG_WARN__DUPLICATE_METHOD_MATCH = YES;
				COPY_PHASE_STRIP = NO;
				DEBUG_INFORMATION_FORMAT = dwarf;
				ENABLE_STRICT_OBJC_MSGSEND = YES;
				ENABLE_TESTABILITY = YES;
				GCC_C_LANGUAGE_STANDARD = gnu11;
				GCC_DYNAMIC_NO_PIC = NO;
				GCC_NO_COMMON_BLOCKS = YES;
				GCC_OPTIMIZATION_LEVEL = 0;
				GCC_PREPROCESSOR_DEFINITIONS = (
					"DEBUG=1",
					"$(inherited)",
				);
				GCC_WARN_64_TO_32_BIT_CONVERSION = YES;
				GCC_WARN_ABOUT_RETURN_TYPE = YES_ERROR;
				GCC_WARN_UNDECLARED_SELECTOR = YES;
				GCC_WARN_UNINITIALIZED_AUTOS = YES_AGGRESSIVE;
				GCC_WARN_UNUSED_FUNCTION = YES;
				GCC_WARN_UNUSED_VARIABLE = YES;
				IPHONEOS_DEPLOYMENT_TARGET = 13.5;
				MTL_ENABLE_DEBUG_INFO = INCLUDE_SOURCE;
				MTL_FAST_MATH = YES;
				ONLY_ACTIVE_ARCH = YES;
				SDKROOT = iphoneos;
				SWIFT_ACTIVE_COMPILATION_CONDITIONS = DEBUG;
				SWIFT_OPTIMIZATION_LEVEL = "-Onone";
			};
			name = Debug;
		};
		E7C0ECCA24BAC96000B68EDD /* Release */ = {
			isa = XCBuildConfiguration;
			buildSettings = {
				ALWAYS_SEARCH_USER_PATHS = NO;
				CLANG_ANALYZER_NONNULL = YES;
				CLANG_ANALYZER_NUMBER_OBJECT_CONVERSION = YES_AGGRESSIVE;
				CLANG_CXX_LANGUAGE_STANDARD = "gnu++14";
				CLANG_CXX_LIBRARY = "libc++";
				CLANG_ENABLE_MODULES = YES;
				CLANG_ENABLE_OBJC_ARC = YES;
				CLANG_ENABLE_OBJC_WEAK = YES;
				CLANG_WARN_BLOCK_CAPTURE_AUTORELEASING = YES;
				CLANG_WARN_BOOL_CONVERSION = YES;
				CLANG_WARN_COMMA = YES;
				CLANG_WARN_CONSTANT_CONVERSION = YES;
				CLANG_WARN_DEPRECATED_OBJC_IMPLEMENTATIONS = YES;
				CLANG_WARN_DIRECT_OBJC_ISA_USAGE = YES_ERROR;
				CLANG_WARN_DOCUMENTATION_COMMENTS = YES;
				CLANG_WARN_EMPTY_BODY = YES;
				CLANG_WARN_ENUM_CONVERSION = YES;
				CLANG_WARN_INFINITE_RECURSION = YES;
				CLANG_WARN_INT_CONVERSION = YES;
				CLANG_WARN_NON_LITERAL_NULL_CONVERSION = YES;
				CLANG_WARN_OBJC_IMPLICIT_RETAIN_SELF = YES;
				CLANG_WARN_OBJC_LITERAL_CONVERSION = YES;
				CLANG_WARN_OBJC_ROOT_CLASS = YES_ERROR;
				CLANG_WARN_RANGE_LOOP_ANALYSIS = YES;
				CLANG_WARN_STRICT_PROTOTYPES = YES;
				CLANG_WARN_SUSPICIOUS_MOVE = YES;
				CLANG_WARN_UNGUARDED_AVAILABILITY = YES_AGGRESSIVE;
				CLANG_WARN_UNREACHABLE_CODE = YES;
				CLANG_WARN__DUPLICATE_METHOD_MATCH = YES;
				COPY_PHASE_STRIP = NO;
				DEBUG_INFORMATION_FORMAT = "dwarf-with-dsym";
				ENABLE_NS_ASSERTIONS = NO;
				ENABLE_STRICT_OBJC_MSGSEND = YES;
				GCC_C_LANGUAGE_STANDARD = gnu11;
				GCC_NO_COMMON_BLOCKS = YES;
				GCC_WARN_64_TO_32_BIT_CONVERSION = YES;
				GCC_WARN_ABOUT_RETURN_TYPE = YES_ERROR;
				GCC_WARN_UNDECLARED_SELECTOR = YES;
				GCC_WARN_UNINITIALIZED_AUTOS = YES_AGGRESSIVE;
				GCC_WARN_UNUSED_FUNCTION = YES;
				GCC_WARN_UNUSED_VARIABLE = YES;
				IPHONEOS_DEPLOYMENT_TARGET = 13.5;
				MTL_ENABLE_DEBUG_INFO = NO;
				MTL_FAST_MATH = YES;
				SDKROOT = iphoneos;
				SWIFT_COMPILATION_MODE = wholemodule;
				SWIFT_OPTIMIZATION_LEVEL = "-O";
				VALIDATE_PRODUCT = YES;
			};
			name = Release;
		};
		E7C0ECCC24BAC96000B68EDD /* Debug */ = {
			isa = XCBuildConfiguration;
			buildSettings = {
				ASSETCATALOG_COMPILER_APPICON_NAME = AppIcon;
				CODE_SIGN_STYLE = Automatic;
				DEVELOPMENT_ASSET_PATHS = "\"MeetMe/Preview Content\"";
				DEVELOPMENT_TEAM = PNRKF3G2Z5;
				ENABLE_PREVIEWS = YES;
				INFOPLIST_FILE = MeetMe/Info.plist;
				LD_RUNPATH_SEARCH_PATHS = (
					"$(inherited)",
					"@executable_path/Frameworks",
				);
				PRODUCT_BUNDLE_IDENTIFIER = com.viachaslaupashaliuk.MeetMe;
				PRODUCT_NAME = "$(TARGET_NAME)";
				SWIFT_VERSION = 5.0;
				TARGETED_DEVICE_FAMILY = "1,2";
			};
			name = Debug;
		};
		E7C0ECCD24BAC96000B68EDD /* Release */ = {
			isa = XCBuildConfiguration;
			buildSettings = {
				ASSETCATALOG_COMPILER_APPICON_NAME = AppIcon;
				CODE_SIGN_STYLE = Automatic;
				DEVELOPMENT_ASSET_PATHS = "\"MeetMe/Preview Content\"";
				DEVELOPMENT_TEAM = PNRKF3G2Z5;
				ENABLE_PREVIEWS = YES;
				INFOPLIST_FILE = MeetMe/Info.plist;
				LD_RUNPATH_SEARCH_PATHS = (
					"$(inherited)",
					"@executable_path/Frameworks",
				);
				PRODUCT_BUNDLE_IDENTIFIER = com.viachaslaupashaliuk.MeetMe;
				PRODUCT_NAME = "$(TARGET_NAME)";
				SWIFT_VERSION = 5.0;
				TARGETED_DEVICE_FAMILY = "1,2";
			};
			name = Release;
		};
/* End XCBuildConfiguration section */

/* Begin XCConfigurationList section */
		E7C0ECB224BAC95B00B68EDD /* Build configuration list for PBXProject "MeetMe" */ = {
			isa = XCConfigurationList;
			buildConfigurations = (
				E7C0ECC924BAC96000B68EDD /* Debug */,
				E7C0ECCA24BAC96000B68EDD /* Release */,
			);
			defaultConfigurationIsVisible = 0;
			defaultConfigurationName = Release;
		};
		E7C0ECCB24BAC96000B68EDD /* Build configuration list for PBXNativeTarget "MeetMe" */ = {
			isa = XCConfigurationList;
			buildConfigurations = (
				E7C0ECCC24BAC96000B68EDD /* Debug */,
				E7C0ECCD24BAC96000B68EDD /* Release */,
			);
			defaultConfigurationIsVisible = 0;
			defaultConfigurationName = Release;
		};
/* End XCConfigurationList section */
	};
	rootObject = E7C0ECAF24BAC95B00B68EDD /* Project object */;
}
